// !$*UTF8*$!
{
	archiveVersion = 1;
	classes = {
	};
	objectVersion = 56;
	objects = {

/* Begin PBXBuildFile section */
		A78C84E9285DB03200006D26 /* ScooterApp.swift in Sources */ = {isa = PBXBuildFile; fileRef = A78C84E8285DB03200006D26 /* ScooterApp.swift */; };
		A78C84EB285DB03200006D26 /* ContentView.swift in Sources */ = {isa = PBXBuildFile; fileRef = A78C84EA285DB03200006D26 /* ContentView.swift */; };
		A78C84ED285DB03300006D26 /* Assets.xcassets in Resources */ = {isa = PBXBuildFile; fileRef = A78C84EC285DB03300006D26 /* Assets.xcassets */; };
		A78C84F1285DB03300006D26 /* Preview Assets.xcassets in Resources */ = {isa = PBXBuildFile; fileRef = A78C84F0285DB03300006D26 /* Preview Assets.xcassets */; };
		A78C84FB285DB03300006D26 /* ScooterTests.swift in Sources */ = {isa = PBXBuildFile; fileRef = A78C84FA285DB03300006D26 /* ScooterTests.swift */; };
		A78C8505285DB03300006D26 /* ScooterUITests.swift in Sources */ = {isa = PBXBuildFile; fileRef = A78C8504285DB03300006D26 /* ScooterUITests.swift */; };
		A78C8507285DB03300006D26 /* ScooterUITestsLaunchTests.swift in Sources */ = {isa = PBXBuildFile; fileRef = A78C8506285DB03300006D26 /* ScooterUITestsLaunchTests.swift */; };
		A78C8517285DB0FF00006D26 /* extension+Transition.swift in Sources */ = {isa = PBXBuildFile; fileRef = A78C8516285DB0FF00006D26 /* extension+Transition.swift */; };
		A78C8519285DB1C500006D26 /* AppModel.swift in Sources */ = {isa = PBXBuildFile; fileRef = A78C8518285DB1C500006D26 /* AppModel.swift */; };
		A78C851B285DB1E900006D26 /* Scooter.swift in Sources */ = {isa = PBXBuildFile; fileRef = A78C851A285DB1E900006D26 /* Scooter.swift */; };
		A78C851D285DB20300006D26 /* ScooterAnnotation.swift in Sources */ = {isa = PBXBuildFile; fileRef = A78C851C285DB20300006D26 /* ScooterAnnotation.swift */; };
		A78C851F285DB3F400006D26 /* MapView.swift in Sources */ = {isa = PBXBuildFile; fileRef = A78C851E285DB3F300006D26 /* MapView.swift */; };
/* End PBXBuildFile section */

/* Begin PBXContainerItemProxy section */
		A78C84F7285DB03300006D26 /* PBXContainerItemProxy */ = {
			isa = PBXContainerItemProxy;
			containerPortal = A78C84DD285DB03200006D26 /* Project object */;
			proxyType = 1;
			remoteGlobalIDString = A78C84E4285DB03200006D26;
			remoteInfo = Scooter;
		};
		A78C8501285DB03300006D26 /* PBXContainerItemProxy */ = {
			isa = PBXContainerItemProxy;
			containerPortal = A78C84DD285DB03200006D26 /* Project object */;
			proxyType = 1;
			remoteGlobalIDString = A78C84E4285DB03200006D26;
			remoteInfo = Scooter;
		};
/* End PBXContainerItemProxy section */

/* Begin PBXFileReference section */
		A78C84E5285DB03200006D26 /* Scooter.app */ = {isa = PBXFileReference; explicitFileType = wrapper.application; includeInIndex = 0; path = Scooter.app; sourceTree = BUILT_PRODUCTS_DIR; };
		A78C84E8285DB03200006D26 /* ScooterApp.swift */ = {isa = PBXFileReference; lastKnownFileType = sourcecode.swift; path = ScooterApp.swift; sourceTree = "<group>"; };
		A78C84EA285DB03200006D26 /* ContentView.swift */ = {isa = PBXFileReference; lastKnownFileType = sourcecode.swift; path = ContentView.swift; sourceTree = "<group>"; };
		A78C84EC285DB03300006D26 /* Assets.xcassets */ = {isa = PBXFileReference; lastKnownFileType = folder.assetcatalog; path = Assets.xcassets; sourceTree = "<group>"; };
		A78C84EE285DB03300006D26 /* Scooter.entitlements */ = {isa = PBXFileReference; lastKnownFileType = text.plist.entitlements; path = Scooter.entitlements; sourceTree = "<group>"; };
		A78C84F0285DB03300006D26 /* Preview Assets.xcassets */ = {isa = PBXFileReference; lastKnownFileType = folder.assetcatalog; path = "Preview Assets.xcassets"; sourceTree = "<group>"; };
		A78C84F6285DB03300006D26 /* ScooterTests.xctest */ = {isa = PBXFileReference; explicitFileType = wrapper.cfbundle; includeInIndex = 0; path = ScooterTests.xctest; sourceTree = BUILT_PRODUCTS_DIR; };
		A78C84FA285DB03300006D26 /* ScooterTests.swift */ = {isa = PBXFileReference; lastKnownFileType = sourcecode.swift; path = ScooterTests.swift; sourceTree = "<group>"; };
		A78C8500285DB03300006D26 /* ScooterUITests.xctest */ = {isa = PBXFileReference; explicitFileType = wrapper.cfbundle; includeInIndex = 0; path = ScooterUITests.xctest; sourceTree = BUILT_PRODUCTS_DIR; };
		A78C8504285DB03300006D26 /* ScooterUITests.swift */ = {isa = PBXFileReference; lastKnownFileType = sourcecode.swift; path = ScooterUITests.swift; sourceTree = "<group>"; };
		A78C8506285DB03300006D26 /* ScooterUITestsLaunchTests.swift */ = {isa = PBXFileReference; lastKnownFileType = sourcecode.swift; path = ScooterUITestsLaunchTests.swift; sourceTree = "<group>"; };
		A78C8516285DB0FF00006D26 /* extension+Transition.swift */ = {isa = PBXFileReference; lastKnownFileType = sourcecode.swift; path = "extension+Transition.swift"; sourceTree = "<group>"; };
		A78C8518285DB1C500006D26 /* AppModel.swift */ = {isa = PBXFileReference; lastKnownFileType = sourcecode.swift; path = AppModel.swift; sourceTree = "<group>"; };
		A78C851A285DB1E900006D26 /* Scooter.swift */ = {isa = PBXFileReference; lastKnownFileType = sourcecode.swift; path = Scooter.swift; sourceTree = "<group>"; };
		A78C851C285DB20300006D26 /* ScooterAnnotation.swift */ = {isa = PBXFileReference; lastKnownFileType = sourcecode.swift; path = ScooterAnnotation.swift; sourceTree = "<group>"; };
		A78C851E285DB3F300006D26 /* MapView.swift */ = {isa = PBXFileReference; lastKnownFileType = sourcecode.swift; path = MapView.swift; sourceTree = "<group>"; };
/* End PBXFileReference section */

/* Begin PBXFrameworksBuildPhase section */
		A78C84E2285DB03200006D26 /* Frameworks */ = {
			isa = PBXFrameworksBuildPhase;
			buildActionMask = 2147483647;
			files = (
			);
			runOnlyForDeploymentPostprocessing = 0;
		};
		A78C84F3285DB03300006D26 /* Frameworks */ = {
			isa = PBXFrameworksBuildPhase;
			buildActionMask = 2147483647;
			files = (
			);
			runOnlyForDeploymentPostprocessing = 0;
		};
		A78C84FD285DB03300006D26 /* Frameworks */ = {
			isa = PBXFrameworksBuildPhase;
			buildActionMask = 2147483647;
			files = (
			);
			runOnlyForDeploymentPostprocessing = 0;
		};
/* End PBXFrameworksBuildPhase section */

/* Begin PBXGroup section */
		A78C84DC285DB03200006D26 = {
			isa = PBXGroup;
			children = (
				A78C84E7285DB03200006D26 /* Scooter */,
				A78C84F9285DB03300006D26 /* ScooterTests */,
				A78C8503285DB03300006D26 /* ScooterUITests */,
				A78C84E6285DB03200006D26 /* Products */,
			);
			sourceTree = "<group>";
		};
		A78C84E6285DB03200006D26 /* Products */ = {
			isa = PBXGroup;
			children = (
				A78C84E5285DB03200006D26 /* Scooter.app */,
				A78C84F6285DB03300006D26 /* ScooterTests.xctest */,
				A78C8500285DB03300006D26 /* ScooterUITests.xctest */,
			);
			name = Products;
			sourceTree = "<group>";
		};
		A78C84E7285DB03200006D26 /* Scooter */ = {
			isa = PBXGroup;
			children = (
				A78C8515285DB0AC00006D26 /* Components */,
				A78C8514285DB0A000006D26 /* Models */,
				A78C8513285DB09600006D26 /* Extension */,
				A78C84E8285DB03200006D26 /* ScooterApp.swift */,
				A78C84EA285DB03200006D26 /* ContentView.swift */,
				A78C84EC285DB03300006D26 /* Assets.xcassets */,
				A78C84EE285DB03300006D26 /* Scooter.entitlements */,
				A78C84EF285DB03300006D26 /* Preview Content */,
			);
			path = Scooter;
			sourceTree = "<group>";
		};
		A78C84EF285DB03300006D26 /* Preview Content */ = {
			isa = PBXGroup;
			children = (
				A78C84F0285DB03300006D26 /* Preview Assets.xcassets */,
			);
			path = "Preview Content";
			sourceTree = "<group>";
		};
		A78C84F9285DB03300006D26 /* ScooterTests */ = {
			isa = PBXGroup;
			children = (
				A78C84FA285DB03300006D26 /* ScooterTests.swift */,
			);
			path = ScooterTests;
			sourceTree = "<group>";
		};
		A78C8503285DB03300006D26 /* ScooterUITests */ = {
			isa = PBXGroup;
			children = (
				A78C8504285DB03300006D26 /* ScooterUITests.swift */,
				A78C8506285DB03300006D26 /* ScooterUITestsLaunchTests.swift */,
			);
			path = ScooterUITests;
			sourceTree = "<group>";
		};
		A78C8513285DB09600006D26 /* Extension */ = {
			isa = PBXGroup;
			children = (
				A78C8516285DB0FF00006D26 /* extension+Transition.swift */,
			);
			path = Extension;
			sourceTree = "<group>";
		};
		A78C8514285DB0A000006D26 /* Models */ = {
			isa = PBXGroup;
			children = (
				A78C8518285DB1C500006D26 /* AppModel.swift */,
				A78C851A285DB1E900006D26 /* Scooter.swift */,
				A78C851C285DB20300006D26 /* ScooterAnnotation.swift */,
			);
			path = Models;
			sourceTree = "<group>";
		};
		A78C8515285DB0AC00006D26 /* Components */ = {
			isa = PBXGroup;
			children = (
				A78C851E285DB3F300006D26 /* MapView.swift */,
			);
			path = Components;
			sourceTree = "<group>";
		};
/* End PBXGroup section */

/* Begin PBXNativeTarget section */
		A78C84E4285DB03200006D26 /* Scooter */ = {
			isa = PBXNativeTarget;
			buildConfigurationList = A78C850A285DB03300006D26 /* Build configuration list for PBXNativeTarget "Scooter" */;
			buildPhases = (
				A78C84E1285DB03200006D26 /* Sources */,
				A78C84E2285DB03200006D26 /* Frameworks */,
				A78C84E3285DB03200006D26 /* Resources */,
			);
			buildRules = (
			);
			dependencies = (
			);
			name = Scooter;
			productName = Scooter;
			productReference = A78C84E5285DB03200006D26 /* Scooter.app */;
			productType = "com.apple.product-type.application";
		};
		A78C84F5285DB03300006D26 /* ScooterTests */ = {
			isa = PBXNativeTarget;
			buildConfigurationList = A78C850D285DB03300006D26 /* Build configuration list for PBXNativeTarget "ScooterTests" */;
			buildPhases = (
				A78C84F2285DB03300006D26 /* Sources */,
				A78C84F3285DB03300006D26 /* Frameworks */,
				A78C84F4285DB03300006D26 /* Resources */,
			);
			buildRules = (
			);
			dependencies = (
				A78C84F8285DB03300006D26 /* PBXTargetDependency */,
			);
			name = ScooterTests;
			productName = ScooterTests;
			productReference = A78C84F6285DB03300006D26 /* ScooterTests.xctest */;
			productType = "com.apple.product-type.bundle.unit-test";
		};
		A78C84FF285DB03300006D26 /* ScooterUITests */ = {
			isa = PBXNativeTarget;
			buildConfigurationList = A78C8510285DB03300006D26 /* Build configuration list for PBXNativeTarget "ScooterUITests" */;
			buildPhases = (
				A78C84FC285DB03300006D26 /* Sources */,
				A78C84FD285DB03300006D26 /* Frameworks */,
				A78C84FE285DB03300006D26 /* Resources */,
			);
			buildRules = (
			);
			dependencies = (
				A78C8502285DB03300006D26 /* PBXTargetDependency */,
			);
			name = ScooterUITests;
			productName = ScooterUITests;
			productReference = A78C8500285DB03300006D26 /* ScooterUITests.xctest */;
			productType = "com.apple.product-type.bundle.ui-testing";
		};
/* End PBXNativeTarget section */

/* Begin PBXProject section */
		A78C84DD285DB03200006D26 /* Project object */ = {
			isa = PBXProject;
			attributes = {
				BuildIndependentTargetsInParallel = 1;
				LastSwiftUpdateCheck = 1400;
				LastUpgradeCheck = 1400;
				TargetAttributes = {
					A78C84E4285DB03200006D26 = {
						CreatedOnToolsVersion = 14.0;
					};
					A78C84F5285DB03300006D26 = {
						CreatedOnToolsVersion = 14.0;
						TestTargetID = A78C84E4285DB03200006D26;
					};
					A78C84FF285DB03300006D26 = {
						CreatedOnToolsVersion = 14.0;
						TestTargetID = A78C84E4285DB03200006D26;
					};
				};
			};
			buildConfigurationList = A78C84E0285DB03200006D26 /* Build configuration list for PBXProject "Scooter" */;
			compatibilityVersion = "Xcode 14.0";
			developmentRegion = en;
			hasScannedForEncodings = 0;
			knownRegions = (
				en,
				Base,
			);
			mainGroup = A78C84DC285DB03200006D26;
			productRefGroup = A78C84E6285DB03200006D26 /* Products */;
			projectDirPath = "";
			projectRoot = "";
			targets = (
				A78C84E4285DB03200006D26 /* Scooter */,
				A78C84F5285DB03300006D26 /* ScooterTests */,
				A78C84FF285DB03300006D26 /* ScooterUITests */,
			);
		};
/* End PBXProject section */

/* Begin PBXResourcesBuildPhase section */
		A78C84E3285DB03200006D26 /* Resources */ = {
			isa = PBXResourcesBuildPhase;
			buildActionMask = 2147483647;
			files = (
				A78C84F1285DB03300006D26 /* Preview Assets.xcassets in Resources */,
				A78C84ED285DB03300006D26 /* Assets.xcassets in Resources */,
			);
			runOnlyForDeploymentPostprocessing = 0;
		};
		A78C84F4285DB03300006D26 /* Resources */ = {
			isa = PBXResourcesBuildPhase;
			buildActionMask = 2147483647;
			files = (
			);
			runOnlyForDeploymentPostprocessing = 0;
		};
		A78C84FE285DB03300006D26 /* Resources */ = {
			isa = PBXResourcesBuildPhase;
			buildActionMask = 2147483647;
			files = (
			);
			runOnlyForDeploymentPostprocessing = 0;
		};
/* End PBXResourcesBuildPhase section */

/* Begin PBXSourcesBuildPhase section */
		A78C84E1285DB03200006D26 /* Sources */ = {
			isa = PBXSourcesBuildPhase;
			buildActionMask = 2147483647;
			files = (
				A78C851F285DB3F400006D26 /* MapView.swift in Sources */,
				A78C851B285DB1E900006D26 /* Scooter.swift in Sources */,
				A78C8517285DB0FF00006D26 /* extension+Transition.swift in Sources */,
				A78C84EB285DB03200006D26 /* ContentView.swift in Sources */,
				A78C84E9285DB03200006D26 /* ScooterApp.swift in Sources */,
				A78C851D285DB20300006D26 /* ScooterAnnotation.swift in Sources */,
				A78C8519285DB1C500006D26 /* AppModel.swift in Sources */,
			);
			runOnlyForDeploymentPostprocessing = 0;
		};
		A78C84F2285DB03300006D26 /* Sources */ = {
			isa = PBXSourcesBuildPhase;
			buildActionMask = 2147483647;
			files = (
				A78C84FB285DB03300006D26 /* ScooterTests.swift in Sources */,
			);
			runOnlyForDeploymentPostprocessing = 0;
		};
		A78C84FC285DB03300006D26 /* Sources */ = {
			isa = PBXSourcesBuildPhase;
			buildActionMask = 2147483647;
			files = (
				A78C8507285DB03300006D26 /* ScooterUITestsLaunchTests.swift in Sources */,
				A78C8505285DB03300006D26 /* ScooterUITests.swift in Sources */,
			);
			runOnlyForDeploymentPostprocessing = 0;
		};
/* End PBXSourcesBuildPhase section */

/* Begin PBXTargetDependency section */
		A78C84F8285DB03300006D26 /* PBXTargetDependency */ = {
			isa = PBXTargetDependency;
			target = A78C84E4285DB03200006D26 /* Scooter */;
			targetProxy = A78C84F7285DB03300006D26 /* PBXContainerItemProxy */;
		};
		A78C8502285DB03300006D26 /* PBXTargetDependency */ = {
			isa = PBXTargetDependency;
			target = A78C84E4285DB03200006D26 /* Scooter */;
			targetProxy = A78C8501285DB03300006D26 /* PBXContainerItemProxy */;
		};
/* End PBXTargetDependency section */

/* Begin XCBuildConfiguration section */
		A78C8508285DB03300006D26 /* Debug */ = {
			isa = XCBuildConfiguration;
			buildSettings = {
				ALWAYS_SEARCH_USER_PATHS = NO;
				CLANG_ANALYZER_NONNULL = YES;
				CLANG_ANALYZER_NUMBER_OBJECT_CONVERSION = YES_AGGRESSIVE;
				CLANG_CXX_LANGUAGE_STANDARD = "gnu++17";
				CLANG_ENABLE_MODULES = YES;
				CLANG_ENABLE_OBJC_ARC = YES;
				CLANG_ENABLE_OBJC_WEAK = YES;
				CLANG_WARN_BLOCK_CAPTURE_AUTORELEASING = YES;
				CLANG_WARN_BOOL_CONVERSION = YES;
				CLANG_WARN_COMMA = YES;
				CLANG_WARN_CONSTANT_CONVERSION = YES;
				CLANG_WARN_DEPRECATED_OBJC_IMPLEMENTATIONS = YES;
				CLANG_WARN_DIRECT_OBJC_ISA_USAGE = YES_ERROR;
				CLANG_WARN_DOCUMENTATION_COMMENTS = YES;
				CLANG_WARN_EMPTY_BODY = YES;
				CLANG_WARN_ENUM_CONVERSION = YES;
				CLANG_WARN_INFINITE_RECURSION = YES;
				CLANG_WARN_INT_CONVERSION = YES;
				CLANG_WARN_NON_LITERAL_NULL_CONVERSION = YES;
				CLANG_WARN_OBJC_IMPLICIT_RETAIN_SELF = YES;
				CLANG_WARN_OBJC_LITERAL_CONVERSION = YES;
				CLANG_WARN_OBJC_ROOT_CLASS = YES_ERROR;
				CLANG_WARN_QUOTED_INCLUDE_IN_FRAMEWORK_HEADER = YES;
				CLANG_WARN_RANGE_LOOP_ANALYSIS = YES;
				CLANG_WARN_STRICT_PROTOTYPES = YES;
				CLANG_WARN_SUSPICIOUS_MOVE = YES;
				CLANG_WARN_UNGUARDED_AVAILABILITY = YES_AGGRESSIVE;
				CLANG_WARN_UNREACHABLE_CODE = YES;
				CLANG_WARN__DUPLICATE_METHOD_MATCH = YES;
				COPY_PHASE_STRIP = NO;
				DEBUG_INFORMATION_FORMAT = dwarf;
				ENABLE_STRICT_OBJC_MSGSEND = YES;
				ENABLE_TESTABILITY = YES;
				GCC_C_LANGUAGE_STANDARD = gnu11;
				GCC_DYNAMIC_NO_PIC = NO;
				GCC_NO_COMMON_BLOCKS = YES;
				GCC_OPTIMIZATION_LEVEL = 0;
				GCC_PREPROCESSOR_DEFINITIONS = (
					"DEBUG=1",
					"$(inherited)",
				);
				GCC_WARN_64_TO_32_BIT_CONVERSION = YES;
				GCC_WARN_ABOUT_RETURN_TYPE = YES_ERROR;
				GCC_WARN_UNDECLARED_SELECTOR = YES;
				GCC_WARN_UNINITIALIZED_AUTOS = YES_AGGRESSIVE;
				GCC_WARN_UNUSED_FUNCTION = YES;
				GCC_WARN_UNUSED_VARIABLE = YES;
				MTL_ENABLE_DEBUG_INFO = INCLUDE_SOURCE;
				MTL_FAST_MATH = YES;
				ONLY_ACTIVE_ARCH = YES;
				SWIFT_ACTIVE_COMPILATION_CONDITIONS = DEBUG;
				SWIFT_OPTIMIZATION_LEVEL = "-Onone";
			};
			name = Debug;
		};
		A78C8509285DB03300006D26 /* Release */ = {
			isa = XCBuildConfiguration;
			buildSettings = {
				ALWAYS_SEARCH_USER_PATHS = NO;
				CLANG_ANALYZER_NONNULL = YES;
				CLANG_ANALYZER_NUMBER_OBJECT_CONVERSION = YES_AGGRESSIVE;
				CLANG_CXX_LANGUAGE_STANDARD = "gnu++17";
				CLANG_ENABLE_MODULES = YES;
				CLANG_ENABLE_OBJC_ARC = YES;
				CLANG_ENABLE_OBJC_WEAK = YES;
				CLANG_WARN_BLOCK_CAPTURE_AUTORELEASING = YES;
				CLANG_WARN_BOOL_CONVERSION = YES;
				CLANG_WARN_COMMA = YES;
				CLANG_WARN_CONSTANT_CONVERSION = YES;
				CLANG_WARN_DEPRECATED_OBJC_IMPLEMENTATIONS = YES;
				CLANG_WARN_DIRECT_OBJC_ISA_USAGE = YES_ERROR;
				CLANG_WARN_DOCUMENTATION_COMMENTS = YES;
				CLANG_WARN_EMPTY_BODY = YES;
				CLANG_WARN_ENUM_CONVERSION = YES;
				CLANG_WARN_INFINITE_RECURSION = YES;
				CLANG_WARN_INT_CONVERSION = YES;
				CLANG_WARN_NON_LITERAL_NULL_CONVERSION = YES;
				CLANG_WARN_OBJC_IMPLICIT_RETAIN_SELF = YES;
				CLANG_WARN_OBJC_LITERAL_CONVERSION = YES;
				CLANG_WARN_OBJC_ROOT_CLASS = YES_ERROR;
				CLANG_WARN_QUOTED_INCLUDE_IN_FRAMEWORK_HEADER = YES;
				CLANG_WARN_RANGE_LOOP_ANALYSIS = YES;
				CLANG_WARN_STRICT_PROTOTYPES = YES;
				CLANG_WARN_SUSPICIOUS_MOVE = YES;
				CLANG_WARN_UNGUARDED_AVAILABILITY = YES_AGGRESSIVE;
				CLANG_WARN_UNREACHABLE_CODE = YES;
				CLANG_WARN__DUPLICATE_METHOD_MATCH = YES;
				COPY_PHASE_STRIP = NO;
				DEBUG_INFORMATION_FORMAT = "dwarf-with-dsym";
				ENABLE_NS_ASSERTIONS = NO;
				ENABLE_STRICT_OBJC_MSGSEND = YES;
				GCC_C_LANGUAGE_STANDARD = gnu11;
				GCC_NO_COMMON_BLOCKS = YES;
				GCC_WARN_64_TO_32_BIT_CONVERSION = YES;
				GCC_WARN_ABOUT_RETURN_TYPE = YES_ERROR;
				GCC_WARN_UNDECLARED_SELECTOR = YES;
				GCC_WARN_UNINITIALIZED_AUTOS = YES_AGGRESSIVE;
				GCC_WARN_UNUSED_FUNCTION = YES;
				GCC_WARN_UNUSED_VARIABLE = YES;
				MTL_ENABLE_DEBUG_INFO = NO;
				MTL_FAST_MATH = YES;
				SWIFT_COMPILATION_MODE = wholemodule;
				SWIFT_OPTIMIZATION_LEVEL = "-O";
			};
			name = Release;
		};
		A78C850B285DB03300006D26 /* Debug */ = {
			isa = XCBuildConfiguration;
			buildSettings = {
				ASSETCATALOG_COMPILER_APPICON_NAME = AppIcon;
				ASSETCATALOG_COMPILER_GLOBAL_ACCENT_COLOR_NAME = AccentColor;
				CODE_SIGN_ENTITLEMENTS = Scooter/Scooter.entitlements;
				CODE_SIGN_STYLE = Automatic;
				CURRENT_PROJECT_VERSION = 1;
				DEVELOPMENT_ASSET_PATHS = "\"Scooter/Preview Content\"";
				DEVELOPMENT_TEAM = 4Q6S759NWS;
				ENABLE_HARDENED_RUNTIME = YES;
				ENABLE_PREVIEWS = YES;
				GENERATE_INFOPLIST_FILE = YES;
				"INFOPLIST_KEY_UILaunchScreen_Generation[sdk=iphoneos*]" = YES;
				"INFOPLIST_KEY_UILaunchScreen_Generation[sdk=iphonesimulator*]" = YES;
				INFOPLIST_KEY_UISupportedInterfaceOrientations_iPad = "UIInterfaceOrientationPortrait UIInterfaceOrientationPortraitUpsideDown UIInterfaceOrientationLandscapeLeft UIInterfaceOrientationLandscapeRight";
				INFOPLIST_KEY_UISupportedInterfaceOrientations_iPhone = "UIInterfaceOrientationPortrait UIInterfaceOrientationLandscapeLeft UIInterfaceOrientationLandscapeRight";
				IPHONEOS_DEPLOYMENT_TARGET = 16.0;
				LD_RUNPATH_SEARCH_PATHS = "@executable_path/Frameworks";
				"LD_RUNPATH_SEARCH_PATHS[sdk=macosx*]" = "@executable_path/../Frameworks";
				MACOSX_DEPLOYMENT_TARGET = 12.4;
				MARKETING_VERSION = 1.0;
				PRODUCT_BUNDLE_IDENTIFIER = Temi.Scooter;
				PRODUCT_NAME = "$(TARGET_NAME)";
				SDKROOT = auto;
				SUPPORTED_PLATFORMS = "iphoneos iphonesimulator macosx";
				SWIFT_EMIT_LOC_STRINGS = YES;
				SWIFT_VERSION = 5.0;
				TARGETED_DEVICE_FAMILY = "1,2";
			};
			name = Debug;
		};
		A78C850C285DB03300006D26 /* Release */ = {
			isa = XCBuildConfiguration;
			buildSettings = {
				ASSETCATALOG_COMPILER_APPICON_NAME = AppIcon;
				ASSETCATALOG_COMPILER_GLOBAL_ACCENT_COLOR_NAME = AccentColor;
				CODE_SIGN_ENTITLEMENTS = Scooter/Scooter.entitlements;
				CODE_SIGN_STYLE = Automatic;
				CURRENT_PROJECT_VERSION = 1;
				DEVELOPMENT_ASSET_PATHS = "\"Scooter/Preview Content\"";
				DEVELOPMENT_TEAM = 4Q6S759NWS;
				ENABLE_HARDENED_RUNTIME = YES;
				ENABLE_PREVIEWS = YES;
				GENERATE_INFOPLIST_FILE = YES;
				"INFOPLIST_KEY_UILaunchScreen_Generation[sdk=iphoneos*]" = YES;
				"INFOPLIST_KEY_UILaunchScreen_Generation[sdk=iphonesimulator*]" = YES;
				INFOPLIST_KEY_UISupportedInterfaceOrientations_iPad = "UIInterfaceOrientationPortrait UIInterfaceOrientationPortraitUpsideDown UIInterfaceOrientationLandscapeLeft UIInterfaceOrientationLandscapeRight";
				INFOPLIST_KEY_UISupportedInterfaceOrientations_iPhone = "UIInterfaceOrientationPortrait UIInterfaceOrientationLandscapeLeft UIInterfaceOrientationLandscapeRight";
				IPHONEOS_DEPLOYMENT_TARGET = 16.0;
				LD_RUNPATH_SEARCH_PATHS = "@executable_path/Frameworks";
				"LD_RUNPATH_SEARCH_PATHS[sdk=macosx*]" = "@executable_path/../Frameworks";
				MACOSX_DEPLOYMENT_TARGET = 12.4;
				MARKETING_VERSION = 1.0;
				PRODUCT_BUNDLE_IDENTIFIER = Temi.Scooter;
				PRODUCT_NAME = "$(TARGET_NAME)";
				SDKROOT = auto;
				SUPPORTED_PLATFORMS = "iphoneos iphonesimulator macosx";
				SWIFT_EMIT_LOC_STRINGS = YES;
				SWIFT_VERSION = 5.0;
				TARGETED_DEVICE_FAMILY = "1,2";
			};
			name = Release;
		};
		A78C850E285DB03300006D26 /* Debug */ = {
			isa = XCBuildConfiguration;
			buildSettings = {
				ALWAYS_EMBED_SWIFT_STANDARD_LIBRARIES = YES;
				BUNDLE_LOADER = "$(TEST_HOST)";
				CODE_SIGN_STYLE = Automatic;
				CURRENT_PROJECT_VERSION = 1;
				DEVELOPMENT_TEAM = 4Q6S759NWS;
				GENERATE_INFOPLIST_FILE = YES;
				IPHONEOS_DEPLOYMENT_TARGET = 16.0;
				MACOSX_DEPLOYMENT_TARGET = 12.4;
				MARKETING_VERSION = 1.0;
				PRODUCT_BUNDLE_IDENTIFIER = Temi.ScooterTests;
				PRODUCT_NAME = "$(TARGET_NAME)";
				SDKROOT = auto;
				SUPPORTED_PLATFORMS = "iphoneos iphonesimulator macosx";
				SWIFT_EMIT_LOC_STRINGS = NO;
				SWIFT_VERSION = 5.0;
				TARGETED_DEVICE_FAMILY = "1,2";
				TEST_HOST = "$(BUILT_PRODUCTS_DIR)/Scooter.app/$(BUNDLE_EXECUTABLE_FOLDER_PATH)/Scooter";
			};
			name = Debug;
		};
		A78C850F285DB03300006D26 /* Release */ = {
			isa = XCBuildConfiguration;
			buildSettings = {
				ALWAYS_EMBED_SWIFT_STANDARD_LIBRARIES = YES;
				BUNDLE_LOADER = "$(TEST_HOST)";
				CODE_SIGN_STYLE = Automatic;
				CURRENT_PROJECT_VERSION = 1;
				DEVELOPMENT_TEAM = 4Q6S759NWS;
				GENERATE_INFOPLIST_FILE = YES;
				IPHONEOS_DEPLOYMENT_TARGET = 16.0;
				MACOSX_DEPLOYMENT_TARGET = 12.4;
				MARKETING_VERSION = 1.0;
				PRODUCT_BUNDLE_IDENTIFIER = Temi.ScooterTests;
				PRODUCT_NAME = "$(TARGET_NAME)";
				SDKROOT = auto;
				SUPPORTED_PLATFORMS = "iphoneos iphonesimulator macosx";
				SWIFT_EMIT_LOC_STRINGS = NO;
				SWIFT_VERSION = 5.0;
				TARGETED_DEVICE_FAMILY = "1,2";
				TEST_HOST = "$(BUILT_PRODUCTS_DIR)/Scooter.app/$(BUNDLE_EXECUTABLE_FOLDER_PATH)/Scooter";
			};
			name = Release;
		};
		A78C8511285DB03300006D26 /* Debug */ = {
			isa = XCBuildConfiguration;
			buildSettings = {
				ALWAYS_EMBED_SWIFT_STANDARD_LIBRARIES = YES;
				CODE_SIGN_STYLE = Automatic;
				CURRENT_PROJECT_VERSION = 1;
				DEVELOPMENT_TEAM = 4Q6S759NWS;
				GENERATE_INFOPLIST_FILE = YES;
				IPHONEOS_DEPLOYMENT_TARGET = 16.0;
				MACOSX_DEPLOYMENT_TARGET = 12.4;
				MARKETING_VERSION = 1.0;
				PRODUCT_BUNDLE_IDENTIFIER = Temi.ScooterUITests;
				PRODUCT_NAME = "$(TARGET_NAME)";
				SDKROOT = auto;
				SUPPORTED_PLATFORMS = "iphoneos iphonesimulator macosx";
				SWIFT_EMIT_LOC_STRINGS = NO;
				SWIFT_VERSION = 5.0;
				TARGETED_DEVICE_FAMILY = "1,2";
				TEST_TARGET_NAME = Scooter;
			};
			name = Debug;
		};
		A78C8512285DB03300006D26 /* Release */ = {
			isa = XCBuildConfiguration;
			buildSettings = {
				ALWAYS_EMBED_SWIFT_STANDARD_LIBRARIES = YES;
				CODE_SIGN_STYLE = Automatic;
				CURRENT_PROJECT_VERSION = 1;
				DEVELOPMENT_TEAM = 4Q6S759NWS;
				GENERATE_INFOPLIST_FILE = YES;
				IPHONEOS_DEPLOYMENT_TARGET = 16.0;
				MACOSX_DEPLOYMENT_TARGET = 12.4;
				MARKETING_VERSION = 1.0;
				PRODUCT_BUNDLE_IDENTIFIER = Temi.ScooterUITests;
				PRODUCT_NAME = "$(TARGET_NAME)";
				SDKROOT = auto;
				SUPPORTED_PLATFORMS = "iphoneos iphonesimulator macosx";
				SWIFT_EMIT_LOC_STRINGS = NO;
				SWIFT_VERSION = 5.0;
				TARGETED_DEVICE_FAMILY = "1,2";
				TEST_TARGET_NAME = Scooter;
			};
			name = Release;
		};
/* End XCBuildConfiguration section */

/* Begin XCConfigurationList section */
		A78C84E0285DB03200006D26 /* Build configuration list for PBXProject "Scooter" */ = {
			isa = XCConfigurationList;
			buildConfigurations = (
				A78C8508285DB03300006D26 /* Debug */,
				A78C8509285DB03300006D26 /* Release */,
			);
			defaultConfigurationIsVisible = 0;
			defaultConfigurationName = Release;
		};
		A78C850A285DB03300006D26 /* Build configuration list for PBXNativeTarget "Scooter" */ = {
			isa = XCConfigurationList;
			buildConfigurations = (
				A78C850B285DB03300006D26 /* Debug */,
				A78C850C285DB03300006D26 /* Release */,
			);
			defaultConfigurationIsVisible = 0;
			defaultConfigurationName = Release;
		};
		A78C850D285DB03300006D26 /* Build configuration list for PBXNativeTarget "ScooterTests" */ = {
			isa = XCConfigurationList;
			buildConfigurations = (
				A78C850E285DB03300006D26 /* Debug */,
				A78C850F285DB03300006D26 /* Release */,
			);
			defaultConfigurationIsVisible = 0;
			defaultConfigurationName = Release;
		};
		A78C8510285DB03300006D26 /* Build configuration list for PBXNativeTarget "ScooterUITests" */ = {
			isa = XCConfigurationList;
			buildConfigurations = (
				A78C8511285DB03300006D26 /* Debug */,
				A78C8512285DB03300006D26 /* Release */,
			);
			defaultConfigurationIsVisible = 0;
			defaultConfigurationName = Release;
		};
/* End XCConfigurationList section */
	};
	rootObject = A78C84DD285DB03200006D26 /* Project object */;
}
